
Microsoft Visual Studio Solution File, Format Version 12.00
# Visual Studio Version 16
VisualStudioVersion = 16.0.32901.82
MinimumVisualStudioVersion = 10.0.40219.1
Project("{FAE04EC0-301F-11D3-BF4B-00C04F79EFBC}") = "VCCorp.ToolCrawlerNewsSeo.WindowForm", "VCCorp.ToolCrawlerNewsSeo.WindowForm\VCCorp.ToolCrawlerNewsSeo.WindowForm.csproj", "{9FB687D0-3F12-4895-920C-09AEAEA9FA73}"
EndProject
Project("{FAE04EC0-301F-11D3-BF4B-00C04F79EFBC}") = "VCCorp.ToolCrawlerNewsSeo.Core", "VCCorp.ToolCrawlerNewsSeo.Core\VCCorp.ToolCrawlerNewsSeo.Core.csproj", "{A34A5C95-ECFA-4A90-99BC-3616B2850655}"
EndProject
Global
	GlobalSection(SolutionConfigurationPlatforms) = preSolution
		Debug|Any CPU = Debug|Any CPU
		Debug|x64 = Debug|x64
		Release|Any CPU = Release|Any CPU
		Release|x64 = Release|x64
	EndGlobalSection
	GlobalSection(ProjectConfigurationPlatforms) = postSolution
		{9FB687D0-3F12-4895-920C-09AEAEA9FA73}.Debug|Any CPU.ActiveCfg = Debug|Any CPU
		{9FB687D0-3F12-4895-920C-09AEAEA9FA73}.Debug|Any CPU.Build.0 = Debug|Any CPU
		{9FB687D0-3F12-4895-920C-09AEAEA9FA73}.Debug|x64.ActiveCfg = Debug|x64
		{9FB687D0-3F12-4895-920C-09AEAEA9FA73}.Debug|x64.Build.0 = Debug|x64
		{9FB687D0-3F12-4895-920C-09AEAEA9FA73}.Release|Any CPU.ActiveCfg = Release|Any CPU
		{9FB687D0-3F12-4895-920C-09AEAEA9FA73}.Release|Any CPU.Build.0 = Release|Any CPU
		{9FB687D0-3F12-4895-920C-09AEAEA9FA73}.Release|x64.ActiveCfg = Release|x64
		{9FB687D0-3F12-4895-920C-09AEAEA9FA73}.Release|x64.Build.0 = Release|x64
		{A34A5C95-ECFA-4A90-99BC-3616B2850655}.Debug|Any CPU.ActiveCfg = Debug|Any CPU
		{A34A5C95-ECFA-4A90-99BC-3616B2850655}.Debug|Any CPU.Build.0 = Debug|Any CPU
		{A34A5C95-ECFA-4A90-99BC-3616B2850655}.Debug|x64.ActiveCfg = Debug|Any CPU
		{A34A5C95-ECFA-4A90-99BC-3616B2850655}.Debug|x64.Build.0 = Debug|Any CPU
		{A34A5C95-ECFA-4A90-99BC-3616B2850655}.Release|Any CPU.ActiveCfg = Release|Any CPU
		{A34A5C95-ECFA-4A90-99BC-3616B2850655}.Release|Any CPU.Build.0 = Release|Any CPU
		{A34A5C95-ECFA-4A90-99BC-3616B2850655}.Release|x64.ActiveCfg = Release|Any CPU
		{A34A5C95-ECFA-4A90-99BC-3616B2850655}.Release|x64.Build.0 = Release|Any CPU
	EndGlobalSection
	GlobalSection(SolutionProperties) = preSolution
		HideSolutionNode = FALSE
	EndGlobalSection
	GlobalSection(ExtensibilityGlobals) = postSolution
		SolutionGuid = {E1C7F99D-B63E-45B2-8580-F05B4E38E525}
	EndGlobalSection
EndGlobal
